
Microsoft Visual Studio Solution File, Format Version 12.00
# Visual Studio Version 17
VisualStudioVersion = 17.3.32819.101
MinimumVisualStudioVersion = 10.0.40219.1
Project("{2150E333-8FDC-42A3-9474-1A3956D46DE8}") = "FrontEnd", "FrontEnd", "{27806D80-E83B-4B3E-BE03-A2975CF26E10}"
EndProject
Project("{2150E333-8FDC-42A3-9474-1A3956D46DE8}") = "Services", "Services", "{BE0A278F-ACDE-4761-B8EB-6601D1B4BE1A}"
EndProject
Project("{9A19103F-16F7-4668-BE54-9A1E7A4F7556}") = "GeekShopping.Web", "GeekShopping.Web\GeekShopping.Web.csproj", "{AFC99A97-88FA-4D7E-8A9B-351B9BA25A81}"
EndProject
Project("{9A19103F-16F7-4668-BE54-9A1E7A4F7556}") = "GeekShopping.ProductAPI", "GeekShopping.ProductAPI\GeekShopping.ProductAPI.csproj", "{2C6B6FBD-4EC6-4C58-A2EA-DB24E978CC69}"
EndProject
Project("{9A19103F-16F7-4668-BE54-9A1E7A4F7556}") = "GeekShopping.IdentityServer", "GeekShopping.IdentityServer\GeekShopping.IdentityServer.csproj", "{8B8E0B5D-C970-462D-8010-084D154A0687}"
EndProject
Project("{9A19103F-16F7-4668-BE54-9A1E7A4F7556}") = "GeekShopping.CartAPI", "GeekShopping.CartAPI\GeekShopping.CartAPI.csproj", "{E1AAD9E6-EFD7-4378-9EE0-8F05E191C4A8}"
EndProject
Project("{9A19103F-16F7-4668-BE54-9A1E7A4F7556}") = "GeekShopping.CouponAPI", "GeekShopping.CouponAPI\GeekShopping.CouponAPI.csproj", "{DA271A01-59AE-4E04-908B-DA3B3C14388E}"
EndProject
Project("{2150E333-8FDC-42A3-9474-1A3956D46DE8}") = "Integrations", "Integrations", "{933C670D-4261-40E0-B7CA-B4E4A1D3426E}"
EndProject
Project("{9A19103F-16F7-4668-BE54-9A1E7A4F7556}") = "GeekShopping.MessageBus", "GeekShopping.MessageBus\GeekShopping.MessageBus.csproj", "{3F9E0DAC-6C37-46E7-8A04-D9A15C59E322}"
EndProject
Project("{FAE04EC0-301F-11D3-BF4B-00C04F79EFBC}") = "GeekShopping.OrderAPI", "GeekShopping.OrderAPI\GeekShopping.OrderAPI.csproj", "{98AE3363-A226-48E5-965D-6C44A54951B0}"
EndProject
Global
	GlobalSection(SolutionConfigurationPlatforms) = preSolution
		Debug|Any CPU = Debug|Any CPU
		Release|Any CPU = Release|Any CPU
	EndGlobalSection
	GlobalSection(ProjectConfigurationPlatforms) = postSolution
		{AFC99A97-88FA-4D7E-8A9B-351B9BA25A81}.Debug|Any CPU.ActiveCfg = Debug|Any CPU
		{AFC99A97-88FA-4D7E-8A9B-351B9BA25A81}.Debug|Any CPU.Build.0 = Debug|Any CPU
		{AFC99A97-88FA-4D7E-8A9B-351B9BA25A81}.Release|Any CPU.ActiveCfg = Release|Any CPU
		{AFC99A97-88FA-4D7E-8A9B-351B9BA25A81}.Release|Any CPU.Build.0 = Release|Any CPU
		{2C6B6FBD-4EC6-4C58-A2EA-DB24E978CC69}.Debug|Any CPU.ActiveCfg = Debug|Any CPU
		{2C6B6FBD-4EC6-4C58-A2EA-DB24E978CC69}.Debug|Any CPU.Build.0 = Debug|Any CPU
		{2C6B6FBD-4EC6-4C58-A2EA-DB24E978CC69}.Release|Any CPU.ActiveCfg = Release|Any CPU
		{2C6B6FBD-4EC6-4C58-A2EA-DB24E978CC69}.Release|Any CPU.Build.0 = Release|Any CPU
		{8B8E0B5D-C970-462D-8010-084D154A0687}.Debug|Any CPU.ActiveCfg = Debug|Any CPU
		{8B8E0B5D-C970-462D-8010-084D154A0687}.Debug|Any CPU.Build.0 = Debug|Any CPU
		{8B8E0B5D-C970-462D-8010-084D154A0687}.Release|Any CPU.ActiveCfg = Release|Any CPU
		{8B8E0B5D-C970-462D-8010-084D154A0687}.Release|Any CPU.Build.0 = Release|Any CPU
		{E1AAD9E6-EFD7-4378-9EE0-8F05E191C4A8}.Debug|Any CPU.ActiveCfg = Debug|Any CPU
		{E1AAD9E6-EFD7-4378-9EE0-8F05E191C4A8}.Debug|Any CPU.Build.0 = Debug|Any CPU
		{E1AAD9E6-EFD7-4378-9EE0-8F05E191C4A8}.Release|Any CPU.ActiveCfg = Release|Any CPU
		{E1AAD9E6-EFD7-4378-9EE0-8F05E191C4A8}.Release|Any CPU.Build.0 = Release|Any CPU
		{DA271A01-59AE-4E04-908B-DA3B3C14388E}.Debug|Any CPU.ActiveCfg = Debug|Any CPU
		{DA271A01-59AE-4E04-908B-DA3B3C14388E}.Debug|Any CPU.Build.0 = Debug|Any CPU
		{DA271A01-59AE-4E04-908B-DA3B3C14388E}.Release|Any CPU.ActiveCfg = Release|Any CPU
		{DA271A01-59AE-4E04-908B-DA3B3C14388E}.Release|Any CPU.Build.0 = Release|Any CPU
		{3F9E0DAC-6C37-46E7-8A04-D9A15C59E322}.Debug|Any CPU.ActiveCfg = Debug|Any CPU
		{3F9E0DAC-6C37-46E7-8A04-D9A15C59E322}.Debug|Any CPU.Build.0 = Debug|Any CPU
		{3F9E0DAC-6C37-46E7-8A04-D9A15C59E322}.Release|Any CPU.ActiveCfg = Release|Any CPU
		{3F9E0DAC-6C37-46E7-8A04-D9A15C59E322}.Release|Any CPU.Build.0 = Release|Any CPU
		{98AE3363-A226-48E5-965D-6C44A54951B0}.Debug|Any CPU.ActiveCfg = Debug|Any CPU
		{98AE3363-A226-48E5-965D-6C44A54951B0}.Debug|Any CPU.Build.0 = Debug|Any CPU
		{98AE3363-A226-48E5-965D-6C44A54951B0}.Release|Any CPU.ActiveCfg = Release|Any CPU
		{98AE3363-A226-48E5-965D-6C44A54951B0}.Release|Any CPU.Build.0 = Release|Any CPU
	EndGlobalSection
	GlobalSection(SolutionProperties) = preSolution
		HideSolutionNode = FALSE
	EndGlobalSection
	GlobalSection(NestedProjects) = preSolution
		{AFC99A97-88FA-4D7E-8A9B-351B9BA25A81} = {27806D80-E83B-4B3E-BE03-A2975CF26E10}
		{2C6B6FBD-4EC6-4C58-A2EA-DB24E978CC69} = {BE0A278F-ACDE-4761-B8EB-6601D1B4BE1A}
		{8B8E0B5D-C970-462D-8010-084D154A0687} = {BE0A278F-ACDE-4761-B8EB-6601D1B4BE1A}
		{E1AAD9E6-EFD7-4378-9EE0-8F05E191C4A8} = {BE0A278F-ACDE-4761-B8EB-6601D1B4BE1A}
		{DA271A01-59AE-4E04-908B-DA3B3C14388E} = {BE0A278F-ACDE-4761-B8EB-6601D1B4BE1A}
		{3F9E0DAC-6C37-46E7-8A04-D9A15C59E322} = {933C670D-4261-40E0-B7CA-B4E4A1D3426E}
		{98AE3363-A226-48E5-965D-6C44A54951B0} = {BE0A278F-ACDE-4761-B8EB-6601D1B4BE1A}
	EndGlobalSection
	GlobalSection(ExtensibilityGlobals) = postSolution
		SolutionGuid = {37E1D327-E274-4E62-AEA3-B602A63008C4}
	EndGlobalSection
EndGlobal
